
Microsoft Visual Studio Solution File, Format Version 10.00
# Visual Studio 2008
Project("{8BC9CEB8-8B4A-11D0-8D11-00A0C91BC942}") = "AxWrapper1", "AxWrapper1.vcproj", "{05D21DE3-AAD5-4293-BFE7-F3EF26B1ACBA}"
EndProject
Global
	GlobalSection(SolutionConfigurationPlatforms) = preSolution
		Debug|Win32 = Debug|Win32
		Release|Win32 = Release|Win32
	EndGlobalSection
	GlobalSection(ProjectConfigurationPlatforms) = postSolution
		{05D21DE3-AAD5-4293-BFE7-F3EF26B1ACBA}.Debug|Win32.ActiveCfg = Debug|Win32
		{05D21DE3-AAD5-4293-BFE7-F3EF26B1ACBA}.Debug|Win32.Build.0 = Debug|Win32
		{05D21DE3-AAD5-4293-BFE7-F3EF26B1ACBA}.Release|Win32.ActiveCfg = Release|Win32
		{05D21DE3-AAD5-4293-BFE7-F3EF26B1ACBA}.Release|Win32.Build.0 = Release|Win32
	EndGlobalSection
	GlobalSection(SolutionProperties) = preSolution
		HideSolutionNode = FALSE
	EndGlobalSection
EndGlobal
