<?xml version="1.0" encoding="utf-8"?>
<Project ToolsVersion="4.0" xmlns="http://schemas.microsoft.com/developer/msbuild/2003">
  <ItemGroup>
    <Filter Include="Source Files">
      <UniqueIdentifier>{4FC737F1-C7A5-4376-A066-2A32D752A2FF}</UniqueIdentifier>
      <Extensions>cpp;c;cc;cxx;def;odl;idl;hpj;bat;asm;asmx</Extensions>
    </Filter>
    <Filter Include="Header Files">
      <UniqueIdentifier>{93995380-89BD-4b04-88EB-625FBE52EBFB}</UniqueIdentifier>
      <Extensions>h;hpp;hxx;hm;inl;inc;xsd</Extensions>
    </Filter>
    <Filter Include="Resource Files">
      <UniqueIdentifier>{67DA6AB6-F800-4c08-8B7A-83BB121AAD01}</UniqueIdentifier>
      <Extensions>rc;ico;cur;bmp;dlg;rc2;rct;bin;rgs;gif;jpg;jpeg;jpe;resx;tiff;tif;png;wav</Extensions>
    </Filter>
  </ItemGroup>
  <ItemGroup>
    <ClCompile Include="ArraySpectrum.cpp">
      <Filter>Source Files</Filter>
    </ClCompile>
    <ClCompile Include="ArraySpectrumDoc.cpp">
      <Filter>Source Files</Filter>
    </ClCompile>
    <ClCompile Include="ArraySpectrumView.cpp">
      <Filter>Source Files</Filter>
    </ClCompile>
    <ClCompile Include="BasePlotView.cpp">
      <Filter>Source Files</Filter>
    </ClCompile>
    <ClCompile Include="CalibDataDlg.cpp">
      <Filter>Source Files</Filter>
    </ClCompile>
    <ClCompile Include="CapturePixels.cpp">
      <Filter>Source Files</Filter>
    </ClCompile>
    <ClCompile Include="CCubicSplineInterpolation.cpp">
      <Filter>Source Files</Filter>
    </ClCompile>
    <ClCompile Include="CommPortSettings.cpp">
      <Filter>Source Files</Filter>
    </ClCompile>
    <ClCompile Include="CompoundSettings.cpp">
      <Filter>Source Files</Filter>
    </ClCompile>
    <ClCompile Include="CustomBitmapButton.cpp">
      <Filter>Source Files</Filter>
    </ClCompile>
    <ClCompile Include="CustomSplitterWnd.cpp">
      <Filter>Source Files</Filter>
    </ClCompile>
    <ClCompile Include="DataView.cpp">
      <Filter>Source Files</Filter>
    </ClCompile>
    <ClCompile Include="EsdAdvancedGraphControl.cpp">
      <Filter>Source Files</Filter>
    </ClCompile>
    <ClCompile Include="FlameSettings.cpp">
      <Filter>Source Files</Filter>
    </ClCompile>
    <ClCompile Include="font.cpp">
      <Filter>Source Files</Filter>
    </ClCompile>
    <ClCompile Include="LevelIndicator.cpp">
      <Filter>Source Files</Filter>
    </ClCompile>
    <ClCompile Include="MainFrm.cpp">
      <Filter>Source Files</Filter>
    </ClCompile>
    <ClCompile Include="picture.cpp">
      <Filter>Source Files</Filter>
    </ClCompile>
    <ClCompile Include="PixelDataView.cpp">
      <Filter>Source Files</Filter>
    </ClCompile>
    <ClCompile Include="PropertiesPane.cpp">
      <Filter>Source Files</Filter>
    </ClCompile>
    <ClCompile Include="PropertiesPaneDlg.cpp">
      <Filter>Source Files</Filter>
    </ClCompile>
    <ClCompile Include="QudraticFit.cpp">
      <Filter>Source Files</Filter>
    </ClCompile>
    <ClCompile Include="SerialComm.cpp">
      <Filter>Source Files</Filter>
    </ClCompile>
    <ClCompile Include="Settings.cpp">
      <Filter>Source Files</Filter>
    </ClCompile>
    <ClCompile Include="SettingsDlg.cpp">
      <Filter>Source Files</Filter>
    </ClCompile>
    <ClCompile Include="Spreadsheet.cpp">
      <Filter>Source Files</Filter>
    </ClCompile>
    <ClCompile Include="stdafx.cpp">
      <Filter>Source Files</Filter>
    </ClCompile>
    <ClCompile Include="TChart.cpp">
      <Filter>Source Files</Filter>
    </ClCompile>
    <ClCompile Include="WLDataView.cpp">
      <Filter>Source Files</Filter>
    </ClCompile>
    <ClCompile Include="WLSpectrumView.cpp">
      <Filter>Source Files</Filter>
    </ClCompile>
    <ClCompile Include="RSDataView.cpp">
      <Filter>Source Files</Filter>
    </ClCompile>
    <ClCompile Include="RSSpectrumView.cpp">
      <Filter>Source Files</Filter>
    </ClCompile>
  </ItemGroup>
  <ItemGroup>
    <ClInclude Include="ArraySpectrum.h">
      <Filter>Header Files</Filter>
    </ClInclude>
    <ClInclude Include="ArraySpectrumDoc.h">
      <Filter>Header Files</Filter>
    </ClInclude>
    <ClInclude Include="ArraySpectrumView.h">
      <Filter>Header Files</Filter>
    </ClInclude>
    <ClInclude Include="BasePlotView.h">
      <Filter>Header Files</Filter>
    </ClInclude>
    <ClInclude Include="CalibDataDlg.h">
      <Filter>Header Files</Filter>
    </ClInclude>
    <ClInclude Include="CapturePixels.h">
      <Filter>Header Files</Filter>
    </ClInclude>
    <ClInclude Include="CommPortSettings.h">
      <Filter>Header Files</Filter>
    </ClInclude>
    <ClInclude Include="CompoundSettings.h">
      <Filter>Header Files</Filter>
    </ClInclude>
    <ClInclude Include="constants.h">
      <Filter>Header Files</Filter>
    </ClInclude>
    <ClInclude Include="CubicSplineInterpolation.h">
      <Filter>Header Files</Filter>
    </ClInclude>
    <ClInclude Include="CustomBitmapButton.h">
      <Filter>Header Files</Filter>
    </ClInclude>
    <ClInclude Include="CustomSplitterWnd.h">
      <Filter>Header Files</Filter>
    </ClInclude>
    <ClInclude Include="DataView.h">
      <Filter>Header Files</Filter>
    </ClInclude>
    <ClInclude Include="EsdAdvancedGraphControl.h">
      <Filter>Header Files</Filter>
    </ClInclude>
    <ClInclude Include="FlameSettings.h">
      <Filter>Header Files</Filter>
    </ClInclude>
    <ClInclude Include="font.h">
      <Filter>Header Files</Filter>
    </ClInclude>
    <ClInclude Include="LevelIndicator.h">
      <Filter>Header Files</Filter>
    </ClInclude>
    <ClInclude Include="MainFrm.h">
      <Filter>Header Files</Filter>
    </ClInclude>
    <ClInclude Include="picture.h">
      <Filter>Header Files</Filter>
    </ClInclude>
    <ClInclude Include="PixelDataView.h">
      <Filter>Header Files</Filter>
    </ClInclude>
    <ClInclude Include="PropertiesPane.h">
      <Filter>Header Files</Filter>
    </ClInclude>
    <ClInclude Include="PropertiesPaneDlg.h">
      <Filter>Header Files</Filter>
    </ClInclude>
    <ClInclude Include="QuadraticFit.h">
      <Filter>Header Files</Filter>
    </ClInclude>
    <ClInclude Include="Resource.h">
      <Filter>Header Files</Filter>
    </ClInclude>
    <ClInclude Include="SerialComm.h">
      <Filter>Header Files</Filter>
    </ClInclude>
    <ClInclude Include="Settings.h">
      <Filter>Header Files</Filter>
    </ClInclude>
    <ClInclude Include="SettingsDlg.h">
      <Filter>Header Files</Filter>
    </ClInclude>
    <ClInclude Include="Spreadsheet.h">
      <Filter>Header Files</Filter>
    </ClInclude>
    <ClInclude Include="stdafx.h">
      <Filter>Header Files</Filter>
    </ClInclude>
    <ClInclude Include="targetver.h">
      <Filter>Header Files</Filter>
    </ClInclude>
    <ClInclude Include="TChart.h">
      <Filter>Header Files</Filter>
    </ClInclude>
    <ClInclude Include="WLDataView.h">
      <Filter>Header Files</Filter>
    </ClInclude>
    <ClInclude Include="WLSpectrumView.h">
      <Filter>Header Files</Filter>
    </ClInclude>
    <ClInclude Include="RSDataView.h">
      <Filter>Header Files</Filter>
    </ClInclude>
    <ClInclude Include="RSSpectrumView.h">
      <Filter>Header Files</Filter>
    </ClInclude>
  </ItemGroup>
  <ItemGroup>
    <Image Include="res\ArraySpectrum.ico">
      <Filter>Resource Files</Filter>
    </Image>
    <Image Include="res\ArraySpectrumDoc.ico">
      <Filter>Resource Files</Filter>
    </Image>
    <Image Include="res\bitmap1.bmp">
      <Filter>Resource Files</Filter>
    </Image>
    <Image Include="res\buttons.bmp">
      <Filter>Resource Files</Filter>
    </Image>
    <Image Include="res\class_view.ico">
      <Filter>Resource Files</Filter>
    </Image>
    <Image Include="res\class_view_hc.ico">
      <Filter>Resource Files</Filter>
    </Image>
    <Image Include="res\classview.bmp">
      <Filter>Resource Files</Filter>
    </Image>
    <Image Include="res\classview_hc.bmp">
      <Filter>Resource Files</Filter>
    </Image>
    <Image Include="res\explorer.bmp">
      <Filter>Resource Files</Filter>
    </Image>
    <Image Include="res\explorer_hc.bmp">
      <Filter>Resource Files</Filter>
    </Image>
    <Image Include="res\file_view.ico">
      <Filter>Resource Files</Filter>
    </Image>
    <Image Include="res\file_view_hc.ico">
      <Filter>Resource Files</Filter>
    </Image>
    <Image Include="res\filelarge.bmp">
      <Filter>Resource Files</Filter>
    </Image>
    <Image Include="res\filesmall.bmp">
      <Filter>Resource Files</Filter>
    </Image>
    <Image Include="res\fileview.bmp">
      <Filter>Resource Files</Filter>
    </Image>
    <Image Include="res\fileview_hc.bmp">
      <Filter>Resource Files</Filter>
    </Image>
    <Image Include="res\Flame_Disabled.bmp">
      <Filter>Resource Files</Filter>
    </Image>
    <Image Include="res\Flame_Enabled.bmp">
      <Filter>Resource Files</Filter>
    </Image>
    <Image Include="res\Flame_OFF.bmp">
      <Filter>Resource Files</Filter>
    </Image>
    <Image Include="res\Flame_ON.bmp">
      <Filter>Resource Files</Filter>
    </Image>
    <Image Include="..\..\..\Hplc integration\HPLC code from rajesh with MFC Feature pack support\CDS\res\iconELICHROM.bmp">
      <Filter>Resource Files</Filter>
    </Image>
    <Image Include="res\main.bmp">
      <Filter>Resource Files</Filter>
    </Image>
    <Image Include="res\menuimages.bmp">
      <Filter>Resource Files</Filter>
    </Image>
    <Image Include="res\menuimages_hc.bmp">
      <Filter>Resource Files</Filter>
    </Image>
    <Image Include="res\properties.bmp">
      <Filter>Resource Files</Filter>
    </Image>
    <Image Include="res\properties_hc.bmp">
      <Filter>Resource Files</Filter>
    </Image>
    <Image Include="res\properties_wnd.ico">
      <Filter>Resource Files</Filter>
    </Image>
    <Image Include="res\properties_wnd_hc.ico">
      <Filter>Resource Files</Filter>
    </Image>
    <Image Include="res\sort.bmp">
      <Filter>Resource Files</Filter>
    </Image>
    <Image Include="res\sort_hc.bmp">
      <Filter>Resource Files</Filter>
    </Image>
    <Image Include="res\Toolbar.bmp">
      <Filter>Resource Files</Filter>
    </Image>
    <Image Include="res\Toolbar256.bmp">
      <Filter>Resource Files</Filter>
    </Image>
    <Image Include="res\writelarge.bmp">
      <Filter>Resource Files</Filter>
    </Image>
    <Image Include="res\writesmall.bmp">
      <Filter>Resource Files</Filter>
    </Image>
  </ItemGroup>
  <ItemGroup>
    <ResourceCompile Include="ArraySpectrum.rc">
      <Filter>Resource Files</Filter>
    </ResourceCompile>
  </ItemGroup>
  <ItemGroup>
    <None Include="res\ArraySpectrum.rc2">
      <Filter>Resource Files</Filter>
    </None>
    <None Include="ArraySpectrum.reg" />
  </ItemGroup>
  <ItemGroup>
    <Text Include="ReadMe.txt" />
  </ItemGroup>
</Project>